{
  "originHash" : "5fdc62bf01f2d8c7154c718173af23e3eab7816016b00066c81b7b030e5f60dc",
  "pins" : [
    {
      "identity" : "bare-rpc-swift",
      "kind" : "remoteSourceControl",
      "location" : "https://github.com/holepunchto/bare-rpc-swift.git",
      "state" : {
        "branch" : "3983622",
        "revision" : "39836226aeb51d561d36201bf6b6d58a98e1272f"
      }
    },
    {
      "identity" : "compact-encoding-swift",
      "kind" : "remoteSourceControl",
      "location" : "https://github.com/holepunchto/compact-encoding-swift",
      "state" : {
        "branch" : "main",
        "revision" : "ab53958d0a5fb033d5dd30b821951b09a933c18a"
      }
    },
    {
      "identity" : "swift-docc-plugin",
      "kind" : "remoteSourceControl",
      "location" : "https://github.com/apple/swift-docc-plugin.git",
      "state" : {
        "revision" : "647c708be89f834fa6a6d4945442793a77ddf5b6",
        "version" : "1.5.0"
      }
    },
    {
      "identity" : "swift-docc-symbolkit",
      "kind" : "remoteSourceControl",
      "location" : "https://github.com/swiftlang/swift-docc-symbolkit",
      "state" : {
        "revision" : "b45d1f2ed151d057b54504d653e0da5552844e34",
        "version" : "1.0.0"
      }
    }
  ],
  "version" : 3
}
