{
  "name": "qvac-swift-ping-fixture",
  "version": "0.0.0",
  "lockfileVersion": 3,
  "requires": true,
  "packages": {
    "": {
      "name": "qvac-swift-ping-fixture",
      "version": "0.0.0",
      "dependencies": {
        "bare-buffer": "3.6.0",
        "bare-fs": "4.5.1",
        "bare-net": "2.3.1",
        "bare-rpc": "1.3.1",
        "bare-runtime": "1.28.5"
      },
      "engines": {
        "node": ">=20.0.0"
      }
    },
    "node_modules/b4a": {
      "version": "1.8.1",
      "resolved": "https://registry.npmjs.org/b4a/-/b4a-1.8.1.tgz",
      "integrity": "sha512-aiqre1Nr0B/6DgE2N5vwTc+2/oQZ4Wh1t4NznYY4E00y8LCt6NqdRv81so00oo27D8MVKTpUa/MwUUtBLXCoDw==",
      "license": "Apache-2.0",
      "peerDependencies": {
        "react-native-b4a": "*"
      },
      "peerDependenciesMeta": {
        "react-native-b4a": {
          "optional": true
        }
      }
    },
    "node_modules/bare-abort": {
      "version": "2.0.13",
      "resolved": "https://registry.npmjs.org/bare-abort/-/bare-abort-2.0.13.tgz",
      "integrity": "sha512-zdc8l88eB11Jsz5rDd6sCAgv2kUFXgdrZWoMlgU6JMkfAi1/uuGFC3IEHswKbIRQTk5H3T5CMuechsXYxiaHlQ==",
      "license": "Apache-2.0"
    },
    "node_modules/bare-buffer": {
      "version": "3.6.0",
      "resolved": "https://registry.npmjs.org/bare-buffer/-/bare-buffer-3.6.0.tgz",
      "integrity": "sha512-/maRWEQ2eBkVNMbNFVsq1pHXJYVj4Y3AixwruB24eKZDs5Gtu0fixzvjYmBIuTsBMtVH5Yb27pQO9BhFa+IlIQ==",
      "license": "Apache-2.0",
      "engines": {
        "bare": ">=1.20.0"
      }
    },
    "node_modules/bare-dns": {
      "version": "2.1.4",
      "resolved": "https://registry.npmjs.org/bare-dns/-/bare-dns-2.1.4.tgz",
      "integrity": "sha512-abwjHmpWqSRNB7V5615QxPH92L71AVzFm/kKTs8VYiNTAi2xVdonpv0BjJ0hwXLwomoW+xsSOPjW6PZPO14asg==",
      "license": "Apache-2.0",
      "engines": {
        "bare": ">=1.7.0"
      }
    },
    "node_modules/bare-env": {
      "version": "3.0.0",
      "resolved": "https://registry.npmjs.org/bare-env/-/bare-env-3.0.0.tgz",
      "integrity": "sha512-0u964P5ZLAxTi+lW4Kjp7YRJQ5gZr9ycYOtjLxsSrupgMz3sn5Z9n4SH/JIifHwvadsf1brA2JAjP+9IOWwTiw==",
      "license": "Apache-2.0",
      "dependencies": {
        "bare-os": "^3.0.1"
      }
    },
    "node_modules/bare-events": {
      "version": "2.8.2",
      "resolved": "https://registry.npmjs.org/bare-events/-/bare-events-2.8.2.tgz",
      "integrity": "sha512-riJjyv1/mHLIPX4RwiK+oW9/4c3TEUeORHKefKAKnZ5kyslbN+HXowtbaVEqt4IMUB7OXlfixcs6gsFeo/jhiQ==",
      "license": "Apache-2.0",
      "peerDependencies": {
        "bare-abort-controller": "*"
      },
      "peerDependenciesMeta": {
        "bare-abort-controller": {
          "optional": true
        }
      }
    },
    "node_modules/bare-fs": {
      "version": "4.5.1",
      "resolved": "https://registry.npmjs.org/bare-fs/-/bare-fs-4.5.1.tgz",
      "integrity": "sha512-zGUCsm3yv/ePt2PHNbVxjjn0nNB1MkIaR4wOCxJ2ig5pCf5cCVAYJXVhQg/3OhhJV6DB1ts7Hv0oUaElc2TPQg==",
      "license": "Apache-2.0",
      "dependencies": {
        "bare-events": "^2.5.4",
        "bare-path": "^3.0.0",
        "bare-stream": "^2.6.4",
        "bare-url": "^2.2.2",
        "fast-fifo": "^1.3.2"
      },
      "engines": {
        "bare": ">=1.16.0"
      },
      "peerDependencies": {
        "bare-buffer": "*"
      },
      "peerDependenciesMeta": {
        "bare-buffer": {
          "optional": true
        }
      }
    },
    "node_modules/bare-hrtime": {
      "version": "2.1.1",
      "resolved": "https://registry.npmjs.org/bare-hrtime/-/bare-hrtime-2.1.1.tgz",
      "integrity": "sha512-VMb3tHo05gsnbu3OXTmkDiwTjMlOsbQmKoysKqKEyR09m77TuDrYFbj3Q5GGk10dAKsUHrnXmwCaeJqzVpB5ZA==",
      "license": "Apache-2.0"
    },
    "node_modules/bare-module-resolve": {
      "version": "1.12.2",
      "resolved": "https://registry.npmjs.org/bare-module-resolve/-/bare-module-resolve-1.12.2.tgz",
      "integrity": "sha512-j+hiD5k99qec4KjJvYsI67q5AOBifmy9JG3oeMVxTmvrhn2sIdp8StrUvZu4YNgwTpO+NhniQG16N1ETDe1k5w==",
      "license": "Apache-2.0",
      "optional": true,
      "dependencies": {
        "bare-semver": "^1.0.0"
      },
      "peerDependencies": {
        "bare-url": "*"
      },
      "peerDependenciesMeta": {
        "bare-url": {
          "optional": true
        }
      }
    },
    "node_modules/bare-net": {
      "version": "2.3.1",
      "resolved": "https://registry.npmjs.org/bare-net/-/bare-net-2.3.1.tgz",
      "integrity": "sha512-MypSqDKpDU2Xt7FIfazn5yGvRnV09gFcIPHGWstW0gxuzA4tucTcwJSZeos97C4F89vtU5oGwXDN/HrGN6Y4Jw==",
      "license": "Apache-2.0",
      "dependencies": {
        "bare-events": "^2.2.2",
        "bare-pipe": "^4.0.0",
        "bare-stream": "^2.0.0",
        "bare-tcp": "^2.0.0"
      }
    },
    "node_modules/bare-os": {
      "version": "3.9.1",
      "resolved": "https://registry.npmjs.org/bare-os/-/bare-os-3.9.1.tgz",
      "integrity": "sha512-6M5XjcnsygQNPMCMPXSK379xrJFiZ/AEMNBmFEmQW8d/789VQATvriyi5r0HYTL9TkQ26rn3kgdTG3aisbrXkQ==",
      "license": "Apache-2.0",
      "engines": {
        "bare": ">=1.14.0"
      }
    },
    "node_modules/bare-path": {
      "version": "3.0.0",
      "resolved": "https://registry.npmjs.org/bare-path/-/bare-path-3.0.0.tgz",
      "integrity": "sha512-tyfW2cQcB5NN8Saijrhqn0Zh7AnFNsnczRcuWODH0eYAXBsJ5gVxAUuNr7tsHSC6IZ77cA0SitzT+s47kot8Mw==",
      "license": "Apache-2.0",
      "dependencies": {
        "bare-os": "^3.0.1"
      }
    },
    "node_modules/bare-pipe": {
      "version": "4.1.5",
      "resolved": "https://registry.npmjs.org/bare-pipe/-/bare-pipe-4.1.5.tgz",
      "integrity": "sha512-6OfxaG8JSkRh3Gc4hzHRsxNt+yu2PpN7lrv1V+T78GdknWQkVGwiEvu4m+1nbfk8cMVQ0TGxRvQ90XA4rhnTuw==",
      "license": "Apache-2.0",
      "dependencies": {
        "bare-events": "^2.0.0",
        "bare-stream": "^2.0.0"
      },
      "engines": {
        "bare": ">=1.16.0"
      }
    },
    "node_modules/bare-process": {
      "version": "4.4.1",
      "resolved": "https://registry.npmjs.org/bare-process/-/bare-process-4.4.1.tgz",
      "integrity": "sha512-JfcTtymq6akqM2bdyTsP4A4GYJceBzb91k/ECmFps75uFf6uO33SM1bOZsRAqyRXExabsQJLn5S41NBl8HTM4A==",
      "license": "Apache-2.0",
      "dependencies": {
        "bare-abort": "^2.0.13",
        "bare-env": "^3.0.0",
        "bare-events": "^2.3.1",
        "bare-hrtime": "^2.0.0",
        "bare-os": "^3.7.1",
        "bare-signals": "^4.0.0",
        "bare-stdio": "^1.0.1"
      }
    },
    "node_modules/bare-rpc": {
      "version": "1.3.1",
      "resolved": "https://registry.npmjs.org/bare-rpc/-/bare-rpc-1.3.1.tgz",
      "integrity": "sha512-aPKsDkAWwCzDSmkCRmIXO2eEqiumsQoHqGIj/C5ZQi4okTChXmEAzwRxeGG8Y3Xplt8PNk7zl694VHsHvZu/KQ==",
      "license": "Apache-2.0",
      "dependencies": {
        "b4a": "^1.6.6",
        "bare-stream": "^2.1.3",
        "compact-encoding": "^3.0.0",
        "safety-catch": "^1.0.2"
      },
      "peerDependencies": {
        "bare-buffer": "*"
      },
      "peerDependenciesMeta": {
        "bare-buffer": {
          "optional": true
        }
      }
    },
    "node_modules/bare-runtime": {
      "version": "1.28.5",
      "resolved": "https://registry.npmjs.org/bare-runtime/-/bare-runtime-1.28.5.tgz",
      "integrity": "sha512-EkGqywZW9tXqV7IMtnOYfaM1hjQuNHtqSEsZz97wbwVwjOY+inM71DbOm5/nEXRzyH9AnzoEjD7g+/hn29dUhg==",
      "license": "Apache-2.0",
      "workspaces": [
        "npm/*"
      ],
      "dependencies": {
        "bare-fs": "^4.4.4",
        "bare-os": "^3.0.1",
        "bare-path": "^3.0.0",
        "bare-process": "^4.2.1",
        "bare-subprocess": "^5.0.0"
      },
      "bin": {
        "bare": "bin/bare"
      },
      "optionalDependencies": {
        "bare-runtime-android-arm": "1.28.5",
        "bare-runtime-android-arm64": "1.28.5",
        "bare-runtime-android-ia32": "1.28.5",
        "bare-runtime-android-x64": "1.28.5",
        "bare-runtime-darwin-arm64": "1.28.5",
        "bare-runtime-darwin-x64": "1.28.5",
        "bare-runtime-ios-arm64": "1.28.5",
        "bare-runtime-ios-arm64-simulator": "1.28.5",
        "bare-runtime-ios-x64-simulator": "1.28.5",
        "bare-runtime-linux-arm64": "1.28.5",
        "bare-runtime-linux-x64": "1.28.5",
        "bare-runtime-win32-arm64": "1.28.5",
        "bare-runtime-win32-x64": "1.28.5"
      }
    },
    "node_modules/bare-runtime-android-arm": {
      "version": "1.28.5",
      "resolved": "https://registry.npmjs.org/bare-runtime-android-arm/-/bare-runtime-android-arm-1.28.5.tgz",
      "integrity": "sha512-nws1Qzgj9kcPPnWCR6hpNBPaET1VvgbO4CMyw5mvYphQaTSX1VsNztvIK7sRWnfCqq5dXY0rMcDO1yQ0ngPT+g==",
      "cpu": [
        "arm"
      ],
      "license": "Apache-2.0",
      "optional": true,
      "os": [
        "android"
      ],
      "dependencies": {
        "require-asset": "^1.0.2"
      },
      "bin": {
        "bare": "bin/bare"
      }
    },
    "node_modules/bare-runtime-android-arm64": {
      "version": "1.28.5",
      "resolved": "https://registry.npmjs.org/bare-runtime-android-arm64/-/bare-runtime-android-arm64-1.28.5.tgz",
      "integrity": "sha512-GPjK4eveIIu7Q/U1i4F+yx+dxwrYaoK0IZdkEsYbR05LcZaGxdNeSZmURfwAC6Ga/nKkg0yUZ9CgAUCxRdzWHQ==",
      "cpu": [
        "arm64"
      ],
      "license": "Apache-2.0",
      "optional": true,
      "os": [
        "android"
      ],
      "dependencies": {
        "require-asset": "^1.0.2"
      },
      "bin": {
        "bare": "bin/bare"
      }
    },
    "node_modules/bare-runtime-android-ia32": {
      "version": "1.28.5",
      "resolved": "https://registry.npmjs.org/bare-runtime-android-ia32/-/bare-runtime-android-ia32-1.28.5.tgz",
      "integrity": "sha512-jUw+wUgqoFIuKUHeIvpkO0oI55saw5z0Iz6N7WV5Ombn9tljfl7oMyeEdZLo0lOf9k5BEmpCOKYlR00vE3PxPw==",
      "cpu": [
        "ia32"
      ],
      "license": "Apache-2.0",
      "optional": true,
      "os": [
        "android"
      ],
      "dependencies": {
        "require-asset": "^1.0.2"
      },
      "bin": {
        "bare": "bin/bare"
      }
    },
    "node_modules/bare-runtime-android-x64": {
      "version": "1.28.5",
      "resolved": "https://registry.npmjs.org/bare-runtime-android-x64/-/bare-runtime-android-x64-1.28.5.tgz",
      "integrity": "sha512-psFRwS4TTZ37a73vfYKQnH0iN+JpF1DlGWI0gXnXXAXM33Ic35sYWku05MNrkT6cy2y+M0ug8Hg6TsQTxVKI1Q==",
      "cpu": [
        "x64"
      ],
      "license": "Apache-2.0",
      "optional": true,
      "os": [
        "android"
      ],
      "dependencies": {
        "require-asset": "^1.0.2"
      },
      "bin": {
        "bare": "bin/bare"
      }
    },
    "node_modules/bare-runtime-darwin-arm64": {
      "version": "1.28.5",
      "resolved": "https://registry.npmjs.org/bare-runtime-darwin-arm64/-/bare-runtime-darwin-arm64-1.28.5.tgz",
      "integrity": "sha512-lXlvp7bOam5TfeGd0RKx6i8xj9qDleqwqowimpqDG3iB4LqqDtFXe0io6Ove5p2rLuTTGaiYLXyHnRcrpETphA==",
      "cpu": [
        "arm64"
      ],
      "license": "Apache-2.0",
      "optional": true,
      "os": [
        "darwin"
      ],
      "dependencies": {
        "require-asset": "^1.0.2"
      },
      "bin": {
        "bare": "bin/bare"
      }
    },
    "node_modules/bare-runtime-darwin-x64": {
      "version": "1.28.5",
      "resolved": "https://registry.npmjs.org/bare-runtime-darwin-x64/-/bare-runtime-darwin-x64-1.28.5.tgz",
      "integrity": "sha512-BWEExeqB+guorACATVHZHn6XkrI2zeG6lhOuVQxbFcvz/cg/PVTPlD2A0LJGYHe1KjrG4uBRs+TaAArJdI1OYQ==",
      "cpu": [
        "x64"
      ],
      "license": "Apache-2.0",
      "optional": true,
      "os": [
        "darwin"
      ],
      "dependencies": {
        "require-asset": "^1.0.2"
      },
      "bin": {
        "bare": "bin/bare"
      }
    },
    "node_modules/bare-runtime-ios-arm64": {
      "version": "1.28.5",
      "resolved": "https://registry.npmjs.org/bare-runtime-ios-arm64/-/bare-runtime-ios-arm64-1.28.5.tgz",
      "integrity": "sha512-Z5pgfaevhRmCSTstlrLPmR55JoApCUQUm5lxyDHAoH5ME8JubQAs20+WYop1XLb+BrohlAWOGOoylgCFC5vBWA==",
      "cpu": [
        "arm64"
      ],
      "license": "Apache-2.0",
      "optional": true,
      "os": [
        "ios"
      ],
      "dependencies": {
        "require-asset": "^1.0.2"
      },
      "bin": {
        "bare": "bin/bare"
      }
    },
    "node_modules/bare-runtime-ios-arm64-simulator": {
      "version": "1.28.5",
      "resolved": "https://registry.npmjs.org/bare-runtime-ios-arm64-simulator/-/bare-runtime-ios-arm64-simulator-1.28.5.tgz",
      "integrity": "sha512-/qgqhjEtc143Z24CB8lTafK5oyog2dusZE8gA0mE9oWx5lwQ+ll471mea29phbCO3OaZ70Q7JM67yL0z2b+jKA==",
      "cpu": [
        "arm64"
      ],
      "license": "Apache-2.0",
      "optional": true,
      "os": [
        "ios"
      ],
      "dependencies": {
        "require-asset": "^1.0.2"
      },
      "bin": {
        "bare": "bin/bare"
      }
    },
    "node_modules/bare-runtime-ios-x64-simulator": {
      "version": "1.28.5",
      "resolved": "https://registry.npmjs.org/bare-runtime-ios-x64-simulator/-/bare-runtime-ios-x64-simulator-1.28.5.tgz",
      "integrity": "sha512-nh4/MqxPtksHHzxA+GAu4gE3OCufuThknKq947pllapbxB4YQSgKRprzeb7hqrU5xuU/s9SQTl8K7woO9XWnxg==",
      "cpu": [
        "x64"
      ],
      "license": "Apache-2.0",
      "optional": true,
      "os": [
        "ios"
      ],
      "dependencies": {
        "require-asset": "^1.0.2"
      },
      "bin": {
        "bare": "bin/bare"
      }
    },
    "node_modules/bare-runtime-linux-arm64": {
      "version": "1.28.5",
      "resolved": "https://registry.npmjs.org/bare-runtime-linux-arm64/-/bare-runtime-linux-arm64-1.28.5.tgz",
      "integrity": "sha512-TG50tAtxUU5PWMjMGK5r46t12dS5L73+GOdPDcApIwZf0LV6+EqzmH1MoS/gk7I2usE0w0AP1WcRDeTsKzIHHg==",
      "cpu": [
        "arm64"
      ],
      "license": "Apache-2.0",
      "optional": true,
      "os": [
        "linux"
      ],
      "dependencies": {
        "require-asset": "^1.0.2"
      },
      "bin": {
        "bare": "bin/bare"
      }
    },
    "node_modules/bare-runtime-linux-x64": {
      "version": "1.28.5",
      "resolved": "https://registry.npmjs.org/bare-runtime-linux-x64/-/bare-runtime-linux-x64-1.28.5.tgz",
      "integrity": "sha512-EOIET4U3+U96mguAJHBhEenOrP1oVIpdxLguAl+xBhe7RXBrlBeb15/1GCySSWI/GdkJsDf1BurC9kSzfiOp4w==",
      "cpu": [
        "x64"
      ],
      "license": "Apache-2.0",
      "optional": true,
      "os": [
        "linux"
      ],
      "dependencies": {
        "require-asset": "^1.0.2"
      },
      "bin": {
        "bare": "bin/bare"
      }
    },
    "node_modules/bare-runtime-win32-arm64": {
      "version": "1.28.5",
      "resolved": "https://registry.npmjs.org/bare-runtime-win32-arm64/-/bare-runtime-win32-arm64-1.28.5.tgz",
      "integrity": "sha512-RNCacmU4gFnS4jqIgXpBPu6Sr86hW+UHzxxdSFiruyfFhAHiWMLNsfQm4j9YjOdwgBY1RWDUyUnuie2w2uStCA==",
      "cpu": [
        "arm64"
      ],
      "license": "Apache-2.0",
      "optional": true,
      "os": [
        "win32"
      ],
      "dependencies": {
        "require-asset": "^1.0.2"
      },
      "bin": {
        "bare": "bin/bare.exe"
      }
    },
    "node_modules/bare-runtime-win32-x64": {
      "version": "1.28.5",
      "resolved": "https://registry.npmjs.org/bare-runtime-win32-x64/-/bare-runtime-win32-x64-1.28.5.tgz",
      "integrity": "sha512-zdn84qE7PdFY8m+uWZm/c8OpyMtTBNNQYmL4zgmqZw4VPLlbRMdFoUCOhJobcw/AYyuLKnktSQdzHpUR8jY57g==",
      "cpu": [
        "x64"
      ],
      "license": "Apache-2.0",
      "optional": true,
      "os": [
        "win32"
      ],
      "dependencies": {
        "require-asset": "^1.0.2"
      },
      "bin": {
        "bare": "bin/bare.exe"
      }
    },
    "node_modules/bare-semver": {
      "version": "1.0.3",
      "resolved": "https://registry.npmjs.org/bare-semver/-/bare-semver-1.0.3.tgz",
      "integrity": "sha512-HS/A30bi2+PiRJfU6R4+Kp+6KeLSCSByjYM2iiobOKzLAvtu1CT+S8xWfiU7wz0erknjkUoC+yXy108tzIuP5Q==",
      "license": "Apache-2.0",
      "optional": true
    },
    "node_modules/bare-signals": {
      "version": "4.2.0",
      "resolved": "https://registry.npmjs.org/bare-signals/-/bare-signals-4.2.0.tgz",
      "integrity": "sha512-fNHMOdQIlYuTvMB3Oh9Apk99hLKn351+Ir8vz+khiPTcOqIyGG4uWWjdLTzxWdYGsA0eT+We3y0K74hjj2nq7A==",
      "license": "Apache-2.0",
      "dependencies": {
        "bare-events": "^2.5.3",
        "bare-os": "^3.3.1"
      },
      "engines": {
        "bare": ">=1.7.0"
      }
    },
    "node_modules/bare-stdio": {
      "version": "1.0.2",
      "resolved": "https://registry.npmjs.org/bare-stdio/-/bare-stdio-1.0.2.tgz",
      "integrity": "sha512-3WJDqtvVGP4f+j68kyEC05umOYNwKJ1xG+YAXL8yZ605WgNqiRhVaFq+mVIhBt2eKNp7pa5vCQdhOt1pNh79SA==",
      "license": "Apache-2.0",
      "dependencies": {
        "bare-fs": "^4.5.2",
        "bare-pipe": "^4.1.5",
        "bare-tty": "^5.0.3"
      }
    },
    "node_modules/bare-stdio/node_modules/bare-fs": {
      "version": "4.7.1",
      "resolved": "https://registry.npmjs.org/bare-fs/-/bare-fs-4.7.1.tgz",
      "integrity": "sha512-WDRsyVN52eAx/lBamKD6uyw8H4228h/x0sGGGegOamM2cd7Pag88GfMQalobXI+HaEUxpCkbKQUDOQqt9wawRw==",
      "license": "Apache-2.0",
      "dependencies": {
        "bare-events": "^2.5.4",
        "bare-path": "^3.0.0",
        "bare-stream": "^2.6.4",
        "bare-url": "^2.2.2",
        "fast-fifo": "^1.3.2"
      },
      "engines": {
        "bare": ">=1.16.0"
      },
      "peerDependencies": {
        "bare-buffer": "*"
      },
      "peerDependenciesMeta": {
        "bare-buffer": {
          "optional": true
        }
      }
    },
    "node_modules/bare-stream": {
      "version": "2.13.1",
      "resolved": "https://registry.npmjs.org/bare-stream/-/bare-stream-2.13.1.tgz",
      "integrity": "sha512-Vp0cnjYyrEC4whYTymQ+YZi6pBpfiICZO3cfRG8sy67ZNWe951urv1x4eW1BKNngw3U+3fPYb5JQvHbCtxH7Ow==",
      "license": "Apache-2.0",
      "dependencies": {
        "streamx": "^2.25.0",
        "teex": "^1.0.1"
      },
      "peerDependencies": {
        "bare-abort-controller": "*",
        "bare-buffer": "*",
        "bare-events": "*"
      },
      "peerDependenciesMeta": {
        "bare-abort-controller": {
          "optional": true
        },
        "bare-buffer": {
          "optional": true
        },
        "bare-events": {
          "optional": true
        }
      }
    },
    "node_modules/bare-subprocess": {
      "version": "5.2.3",
      "resolved": "https://registry.npmjs.org/bare-subprocess/-/bare-subprocess-5.2.3.tgz",
      "integrity": "sha512-07wwswlV7M3sC9IykbZRZ/jHAkrXFWVLqdBWGv1y0ojCimtRD9hGwxdHmR5FUFmDUZLNsBmTYJNQqgio5+A85Q==",
      "license": "Apache-2.0",
      "dependencies": {
        "bare-env": "^3.0.0",
        "bare-events": "^2.5.4",
        "bare-os": "^3.0.1",
        "bare-pipe": "^4.0.0",
        "bare-url": "^2.2.2"
      },
      "engines": {
        "bare": ">=1.7.0"
      },
      "peerDependencies": {
        "bare-buffer": "*"
      },
      "peerDependenciesMeta": {
        "bare-buffer": {
          "optional": true
        }
      }
    },
    "node_modules/bare-tcp": {
      "version": "2.2.13",
      "resolved": "https://registry.npmjs.org/bare-tcp/-/bare-tcp-2.2.13.tgz",
      "integrity": "sha512-4KQPgqYugvK6QxcSnVGbl87XslBebxmXlv7Glf4M9iwwoSCDKtYmC1t6zsMctTNhzKXbWCId7mB4R9qLWj3JMw==",
      "license": "Apache-2.0",
      "dependencies": {
        "bare-dns": "^2.0.4",
        "bare-events": "^2.5.4",
        "bare-stream": "^2.6.4"
      },
      "engines": {
        "bare": ">=1.16.0"
      }
    },
    "node_modules/bare-tty": {
      "version": "5.1.0",
      "resolved": "https://registry.npmjs.org/bare-tty/-/bare-tty-5.1.0.tgz",
      "integrity": "sha512-EZLvW4A+XiJgI3TW+e1pMME9PIJsfEXe/DA/WSKzIkq/v7Yarpv/rvG6Z5pGnpo4V/Bd+qopwnCLSR71hMMBYA==",
      "license": "Apache-2.0",
      "dependencies": {
        "bare-events": "^2.2.0",
        "bare-signals": "^4.0.0",
        "bare-stream": "^2.0.0"
      },
      "engines": {
        "bare": ">=1.16.0"
      }
    },
    "node_modules/bare-url": {
      "version": "2.4.3",
      "resolved": "https://registry.npmjs.org/bare-url/-/bare-url-2.4.3.tgz",
      "integrity": "sha512-Kccpc7ACfXaxfeInfqKcZtW4pT5YBn1mesc4sCsun6sRwtbJ4h+sNOaksUpYEJUKfN65YWC6Bw2OJEFiKxq8nQ==",
      "license": "Apache-2.0",
      "dependencies": {
        "bare-path": "^3.0.0"
      }
    },
    "node_modules/compact-encoding": {
      "version": "3.0.1",
      "resolved": "https://registry.npmjs.org/compact-encoding/-/compact-encoding-3.0.1.tgz",
      "integrity": "sha512-djstau5F2ipPDZhJLGeAfL1OpBxpJUgWjHt7HnWU+bXNYCgN8//NlWujaKmHBaqkAHe+lQ7xY5mjE+KkblAcng==",
      "license": "Apache-2.0",
      "dependencies": {
        "b4a": "^1.3.0"
      }
    },
    "node_modules/events-universal": {
      "version": "1.0.1",
      "resolved": "https://registry.npmjs.org/events-universal/-/events-universal-1.0.1.tgz",
      "integrity": "sha512-LUd5euvbMLpwOF8m6ivPCbhQeSiYVNb8Vs0fQ8QjXo0JTkEHpz8pxdQf0gStltaPpw0Cca8b39KxvK9cfKRiAw==",
      "license": "Apache-2.0",
      "dependencies": {
        "bare-events": "^2.7.0"
      }
    },
    "node_modules/fast-fifo": {
      "version": "1.3.2",
      "resolved": "https://registry.npmjs.org/fast-fifo/-/fast-fifo-1.3.2.tgz",
      "integrity": "sha512-/d9sfos4yxzpwkDkuN7k2SqFKtYNmCTzgfEpz82x34IM9/zc8KGxQoXg1liNC/izpRM/MBdt44Nmx41ZWqk+FQ==",
      "license": "MIT"
    },
    "node_modules/require-asset": {
      "version": "1.2.2",
      "resolved": "https://registry.npmjs.org/require-asset/-/require-asset-1.2.2.tgz",
      "integrity": "sha512-uc8nWKhqAxVD9Z4rST2b4yaemrC9Xb5vA1wlCz5AiCYnBYdwGRWNqFjneA5zRILzlo1MNrB63ry9+pc8wNR26w==",
      "license": "Apache-2.0",
      "optional": true,
      "dependencies": {
        "bare-module-resolve": "^1.6.2"
      },
      "engines": {
        "bare": ">=1.10.0",
        "node": ">=18"
      }
    },
    "node_modules/safety-catch": {
      "version": "1.0.3",
      "resolved": "https://registry.npmjs.org/safety-catch/-/safety-catch-1.0.3.tgz",
      "integrity": "sha512-Zq+J1TefpoEq/HTUabo0YXX5MNvttjWYODGohgPBO2jfko8Wqx3JYMgE823szDFVamdH5PlpByvfiWScTdSYDA==",
      "license": "MIT"
    },
    "node_modules/streamx": {
      "version": "2.25.0",
      "resolved": "https://registry.npmjs.org/streamx/-/streamx-2.25.0.tgz",
      "integrity": "sha512-0nQuG6jf1w+wddNEEXCF4nTg3LtufWINB5eFEN+5TNZW7KWJp6x87+JFL43vaAUPyCfH1wID+mNVyW6OHtFamg==",
      "license": "MIT",
      "dependencies": {
        "events-universal": "^1.0.0",
        "fast-fifo": "^1.3.2",
        "text-decoder": "^1.1.0"
      }
    },
    "node_modules/teex": {
      "version": "1.0.1",
      "resolved": "https://registry.npmjs.org/teex/-/teex-1.0.1.tgz",
      "integrity": "sha512-eYE6iEI62Ni1H8oIa7KlDU6uQBtqr4Eajni3wX7rpfXD8ysFx8z0+dri+KWEPWpBsxXfxu58x/0jvTVT1ekOSg==",
      "license": "MIT",
      "dependencies": {
        "streamx": "^2.12.5"
      }
    },
    "node_modules/text-decoder": {
      "version": "1.2.7",
      "resolved": "https://registry.npmjs.org/text-decoder/-/text-decoder-1.2.7.tgz",
      "integrity": "sha512-vlLytXkeP4xvEq2otHeJfSQIRyWxo/oZGEbXrtEEF9Hnmrdly59sUbzZ/QgyWuLYHctCHxFF4tRQZNQ9k60ExQ==",
      "license": "Apache-2.0",
      "dependencies": {
        "b4a": "^1.6.4"
      }
    }
  }
}
